
Microsoft Visual Studio Solution File, Format Version 12.00
# Visual Studio Version 17
VisualStudioVersion = 17.7.34031.279
MinimumVisualStudioVersion = 10.0.40219.1
Project("{9A19103F-16F7-4668-BE54-9A1E7A4F7556}") = "Messenger", "Messenger.csproj", "{B7B5406E-AEEA-4987-AB22-CBBE2B978E59}"
EndProject
Project("{FAE04EC0-301F-11D3-BF4B-00C04F79EFBC}") = "Messenger.PostgreSQL", "..\Messenger.PostgreSQL\Messenger.PostgreSQL.csproj", "{EC155EFA-11F5-45A6-AD9A-BC351D9A79D7}"
EndProject
Global
	GlobalSection(SolutionConfigurationPlatforms) = preSolution
		Debug|Any CPU = Debug|Any CPU
		Release|Any CPU = Release|Any CPU
	EndGlobalSection
	GlobalSection(ProjectConfigurationPlatforms) = postSolution
		{B7B5406E-AEEA-4987-AB22-CBBE2B978E59}.Debug|Any CPU.ActiveCfg = Debug|Any CPU
		{B7B5406E-AEEA-4987-AB22-CBBE2B978E59}.Debug|Any CPU.Build.0 = Debug|Any CPU
		{B7B5406E-AEEA-4987-AB22-CBBE2B978E59}.Release|Any CPU.ActiveCfg = Release|Any CPU
		{B7B5406E-AEEA-4987-AB22-CBBE2B978E59}.Release|Any CPU.Build.0 = Release|Any CPU
		{EC155EFA-11F5-45A6-AD9A-BC351D9A79D7}.Debug|Any CPU.ActiveCfg = Debug|Any CPU
		{EC155EFA-11F5-45A6-AD9A-BC351D9A79D7}.Debug|Any CPU.Build.0 = Debug|Any CPU
		{EC155EFA-11F5-45A6-AD9A-BC351D9A79D7}.Release|Any CPU.ActiveCfg = Release|Any CPU
		{EC155EFA-11F5-45A6-AD9A-BC351D9A79D7}.Release|Any CPU.Build.0 = Release|Any CPU
	EndGlobalSection
	GlobalSection(SolutionProperties) = preSolution
		HideSolutionNode = FALSE
	EndGlobalSection
	GlobalSection(ExtensibilityGlobals) = postSolution
		SolutionGuid = {DBD2D95E-9456-4029-B98D-7C11A48215DC}
	EndGlobalSection
EndGlobal
